// !$*UTF8*$!
{
	archiveVersion = 1;
	classes = {
	};
	objectVersion = 55;
	objects = {

/* Begin PBXBuildFile section */
		C14BC8CB278E70510062842E /* QuoteViewModel.swift in Sources */ = {isa = PBXBuildFile; fileRef = C14BC8CA278E70510062842E /* QuoteViewModel.swift */; };
		C14BC8CD278F2D350062842E /* data.json in Resources */ = {isa = PBXBuildFile; fileRef = C14BC8CC278F2D350062842E /* data.json */; };
		C1517947278A7F9500E61753 /* Quotes_Test.swift in Sources */ = {isa = PBXBuildFile; fileRef = C1517946278A7F9500E61753 /* Quotes_Test.swift */; };
		C1517949278A7F9500E61753 /* ContentView.swift in Sources */ = {isa = PBXBuildFile; fileRef = C1517948278A7F9500E61753 /* ContentView.swift */; };
		C151794B278A7F9700E61753 /* Assets.xcassets in Resources */ = {isa = PBXBuildFile; fileRef = C151794A278A7F9700E61753 /* Assets.xcassets */; };
		C151794E278A7F9700E61753 /* Preview Assets.xcassets in Resources */ = {isa = PBXBuildFile; fileRef = C151794D278A7F9700E61753 /* Preview Assets.xcassets */; };
		C1517958278A80CC00E61753 /* QuoteView.swift in Sources */ = {isa = PBXBuildFile; fileRef = C1517957278A80CC00E61753 /* QuoteView.swift */; };
		C151795B278A80F700E61753 /* QuoteDetailView.swift in Sources */ = {isa = PBXBuildFile; fileRef = C151795A278A80F700E61753 /* QuoteDetailView.swift */; };
		C151795D278A814500E61753 /* QuoteModel.swift in Sources */ = {isa = PBXBuildFile; fileRef = C151795C278A814500E61753 /* QuoteModel.swift */; };
/* End PBXBuildFile section */

/* Begin PBXFileReference section */
		C14BC8CA278E70510062842E /* QuoteViewModel.swift */ = {isa = PBXFileReference; lastKnownFileType = sourcecode.swift; path = QuoteViewModel.swift; sourceTree = "<group>"; };
		C14BC8CC278F2D350062842E /* data.json */ = {isa = PBXFileReference; lastKnownFileType = text.json; path = data.json; sourceTree = "<group>"; };
		C1517943278A7F9500E61753 /* Quotes Test.app */ = {isa = PBXFileReference; explicitFileType = wrapper.application; includeInIndex = 0; path = "Quotes Test.app"; sourceTree = BUILT_PRODUCTS_DIR; };
		C1517946278A7F9500E61753 /* Quotes_Test.swift */ = {isa = PBXFileReference; lastKnownFileType = sourcecode.swift; path = Quotes_Test.swift; sourceTree = "<group>"; };
		C1517948278A7F9500E61753 /* ContentView.swift */ = {isa = PBXFileReference; lastKnownFileType = sourcecode.swift; path = ContentView.swift; sourceTree = "<group>"; };
		C151794A278A7F9700E61753 /* Assets.xcassets */ = {isa = PBXFileReference; lastKnownFileType = folder.assetcatalog; path = Assets.xcassets; sourceTree = "<group>"; };
		C151794D278A7F9700E61753 /* Preview Assets.xcassets */ = {isa = PBXFileReference; lastKnownFileType = folder.assetcatalog; path = "Preview Assets.xcassets"; sourceTree = "<group>"; };
		C1517957278A80CC00E61753 /* QuoteView.swift */ = {isa = PBXFileReference; lastKnownFileType = sourcecode.swift; path = QuoteView.swift; sourceTree = "<group>"; };
		C151795A278A80F700E61753 /* QuoteDetailView.swift */ = {isa = PBXFileReference; lastKnownFileType = sourcecode.swift; path = QuoteDetailView.swift; sourceTree = "<group>"; };
		C151795C278A814500E61753 /* QuoteModel.swift */ = {isa = PBXFileReference; lastKnownFileType = sourcecode.swift; path = QuoteModel.swift; sourceTree = "<group>"; };
		C1517960278A9BAE00E61753 /* Quotes-Test-Info.plist */ = {isa = PBXFileReference; lastKnownFileType = text.plist; path = "Quotes-Test-Info.plist"; sourceTree = SOURCE_ROOT; };
/* End PBXFileReference section */

/* Begin PBXFrameworksBuildPhase section */
		C1517940278A7F9500E61753 /* Frameworks */ = {
			isa = PBXFrameworksBuildPhase;
			buildActionMask = 2147483647;
			files = (
			);
			runOnlyForDeploymentPostprocessing = 0;
		};
/* End PBXFrameworksBuildPhase section */

/* Begin PBXGroup section */
		C14BC8C9278E702B0062842E /* ViewModel */ = {
			isa = PBXGroup;
			children = (
				C14BC8CA278E70510062842E /* QuoteViewModel.swift */,
			);
			path = ViewModel;
			sourceTree = "<group>";
		};
		C151793A278A7F9500E61753 = {
			isa = PBXGroup;
			children = (
				C1517945278A7F9500E61753 /* Quotes Test */,
				C1517944278A7F9500E61753 /* Products */,
			);
			sourceTree = "<group>";
		};
		C1517944278A7F9500E61753 /* Products */ = {
			isa = PBXGroup;
			children = (
				C1517943278A7F9500E61753 /* Quotes Test.app */,
			);
			name = Products;
			sourceTree = "<group>";
		};
		C1517945278A7F9500E61753 /* Quotes Test */ = {
			isa = PBXGroup;
			children = (
				C1517946278A7F9500E61753 /* Quotes_Test.swift */,
				C1517954278A7FE300E61753 /* View */,
				C14BC8C9278E702B0062842E /* ViewModel */,
				C1517955278A801300E61753 /* Model */,
				C1517956278A802800E61753 /* Data */,
				C151794A278A7F9700E61753 /* Assets.xcassets */,
				C1517960278A9BAE00E61753 /* Quotes-Test-Info.plist */,
				C151794C278A7F9700E61753 /* Preview Content */,
			);
			path = "Quotes Test";
			sourceTree = "<group>";
		};
		C151794C278A7F9700E61753 /* Preview Content */ = {
			isa = PBXGroup;
			children = (
				C151794D278A7F9700E61753 /* Preview Assets.xcassets */,
			);
			path = "Preview Content";
			sourceTree = "<group>";
		};
		C1517954278A7FE300E61753 /* View */ = {
			isa = PBXGroup;
			children = (
				C1517948278A7F9500E61753 /* ContentView.swift */,
				C151795A278A80F700E61753 /* QuoteDetailView.swift */,
				C1517957278A80CC00E61753 /* QuoteView.swift */,
			);
			path = View;
			sourceTree = "<group>";
		};
		C1517955278A801300E61753 /* Model */ = {
			isa = PBXGroup;
			children = (
				C151795C278A814500E61753 /* QuoteModel.swift */,
			);
			path = Model;
			sourceTree = "<group>";
		};
		C1517956278A802800E61753 /* Data */ = {
			isa = PBXGroup;
			children = (
				C14BC8CC278F2D350062842E /* data.json */,
			);
			path = Data;
			sourceTree = "<group>";
		};
/* End PBXGroup section */

/* Begin PBXNativeTarget section */
		C1517942278A7F9500E61753 /* Quotes Test */ = {
			isa = PBXNativeTarget;
			buildConfigurationList = C1517951278A7F9700E61753 /* Build configuration list for PBXNativeTarget "Quotes Test" */;
			buildPhases = (
				C151793F278A7F9500E61753 /* Sources */,
				C1517940278A7F9500E61753 /* Frameworks */,
				C1517941278A7F9500E61753 /* Resources */,
			);
			buildRules = (
			);
			dependencies = (
			);
			name = "Quotes Test";
			productName = "Quotes Test";
			productReference = C1517943278A7F9500E61753 /* Quotes Test.app */;
			productType = "com.apple.product-type.application";
		};
/* End PBXNativeTarget section */

/* Begin PBXProject section */
		C151793B278A7F9500E61753 /* Project object */ = {
			isa = PBXProject;
			attributes = {
				BuildIndependentTargetsInParallel = 1;
				LastSwiftUpdateCheck = 1320;
				LastUpgradeCheck = 1320;
				TargetAttributes = {
					C1517942278A7F9500E61753 = {
						CreatedOnToolsVersion = 13.2.1;
					};
				};
			};
			buildConfigurationList = C151793E278A7F9500E61753 /* Build configuration list for PBXProject "Quotes Test" */;
			compatibilityVersion = "Xcode 13.0";
			developmentRegion = en;
			hasScannedForEncodings = 0;
			knownRegions = (
				en,
				Base,
			);
			mainGroup = C151793A278A7F9500E61753;
			productRefGroup = C1517944278A7F9500E61753 /* Products */;
			projectDirPath = "";
			projectRoot = "";
			targets = (
				C1517942278A7F9500E61753 /* Quotes Test */,
			);
		};
/* End PBXProject section */

/* Begin PBXResourcesBuildPhase section */
		C1517941278A7F9500E61753 /* Resources */ = {
			isa = PBXResourcesBuildPhase;
			buildActionMask = 2147483647;
			files = (
				C151794E278A7F9700E61753 /* Preview Assets.xcassets in Resources */,
				C151794B278A7F9700E61753 /* Assets.xcassets in Resources */,
				C14BC8CD278F2D350062842E /* data.json in Resources */,
			);
			runOnlyForDeploymentPostprocessing = 0;
		};
/* End PBXResourcesBuildPhase section */

/* Begin PBXSourcesBuildPhase section */
		C151793F278A7F9500E61753 /* Sources */ = {
			isa = PBXSourcesBuildPhase;
			buildActionMask = 2147483647;
			files = (
				C151795D278A814500E61753 /* QuoteModel.swift in Sources */,
				C151795B278A80F700E61753 /* QuoteDetailView.swift in Sources */,
				C1517949278A7F9500E61753 /* ContentView.swift in Sources */,
				C1517958278A80CC00E61753 /* QuoteView.swift in Sources */,
				C1517947278A7F9500E61753 /* Quotes_Test.swift in Sources */,
				C14BC8CB278E70510062842E /* QuoteViewModel.swift in Sources */,
			);
			runOnlyForDeploymentPostprocessing = 0;
		};
/* End PBXSourcesBuildPhase section */

/* Begin XCBuildConfiguration section */
		C151794F278A7F9700E61753 /* Debug */ = {
			isa = XCBuildConfiguration;
			buildSettings = {
				ALWAYS_SEARCH_USER_PATHS = NO;
				CLANG_ANALYZER_NONNULL = YES;
				CLANG_ANALYZER_NUMBER_OBJECT_CONVERSION = YES_AGGRESSIVE;
				CLANG_CXX_LANGUAGE_STANDARD = "gnu++17";
				CLANG_CXX_LIBRARY = "libc++";
				CLANG_ENABLE_MODULES = YES;
				CLANG_ENABLE_OBJC_ARC = YES;
				CLANG_ENABLE_OBJC_WEAK = YES;
				CLANG_WARN_BLOCK_CAPTURE_AUTORELEASING = YES;
				CLANG_WARN_BOOL_CONVERSION = YES;
				CLANG_WARN_COMMA = YES;
				CLANG_WARN_CONSTANT_CONVERSION = YES;
				CLANG_WARN_DEPRECATED_OBJC_IMPLEMENTATIONS = YES;
				CLANG_WARN_DIRECT_OBJC_ISA_USAGE = YES_ERROR;
				CLANG_WARN_DOCUMENTATION_COMMENTS = YES;
				CLANG_WARN_EMPTY_BODY = YES;
				CLANG_WARN_ENUM_CONVERSION = YES;
				CLANG_WARN_INFINITE_RECURSION = YES;
				CLANG_WARN_INT_CONVERSION = YES;
				CLANG_WARN_NON_LITERAL_NULL_CONVERSION = YES;
				CLANG_WARN_OBJC_IMPLICIT_RETAIN_SELF = YES;
				CLANG_WARN_OBJC_LITERAL_CONVERSION = YES;
				CLANG_WARN_OBJC_ROOT_CLASS = YES_ERROR;
				CLANG_WARN_QUOTED_INCLUDE_IN_FRAMEWORK_HEADER = YES;
				CLANG_WARN_RANGE_LOOP_ANALYSIS = YES;
				CLANG_WARN_STRICT_PROTOTYPES = YES;
				CLANG_WARN_SUSPICIOUS_MOVE = YES;
				CLANG_WARN_UNGUARDED_AVAILABILITY = YES_AGGRESSIVE;
				CLANG_WARN_UNREACHABLE_CODE = YES;
				CLANG_WARN__DUPLICATE_METHOD_MATCH = YES;
				COPY_PHASE_STRIP = NO;
				DEBUG_INFORMATION_FORMAT = dwarf;
				ENABLE_STRICT_OBJC_MSGSEND = YES;
				ENABLE_TESTABILITY = YES;
				GCC_C_LANGUAGE_STANDARD = gnu11;
				GCC_DYNAMIC_NO_PIC = NO;
				GCC_NO_COMMON_BLOCKS = YES;
				GCC_OPTIMIZATION_LEVEL = 0;
				GCC_PREPROCESSOR_DEFINITIONS = (
					"DEBUG=1",
					"$(inherited)",
				);
				GCC_WARN_64_TO_32_BIT_CONVERSION = YES;
				GCC_WARN_ABOUT_RETURN_TYPE = YES_ERROR;
				GCC_WARN_UNDECLARED_SELECTOR = YES;
				GCC_WARN_UNINITIALIZED_AUTOS = YES_AGGRESSIVE;
				GCC_WARN_UNUSED_FUNCTION = YES;
				GCC_WARN_UNUSED_VARIABLE = YES;
				IPHONEOS_DEPLOYMENT_TARGET = 15.2;
				MTL_ENABLE_DEBUG_INFO = INCLUDE_SOURCE;
				MTL_FAST_MATH = YES;
				ONLY_ACTIVE_ARCH = YES;
				SDKROOT = iphoneos;
				SWIFT_ACTIVE_COMPILATION_CONDITIONS = DEBUG;
				SWIFT_OPTIMIZATION_LEVEL = "-Onone";
			};
			name = Debug;
		};
		C1517950278A7F9700E61753 /* Release */ = {
			isa = XCBuildConfiguration;
			buildSettings = {
				ALWAYS_SEARCH_USER_PATHS = NO;
				CLANG_ANALYZER_NONNULL = YES;
				CLANG_ANALYZER_NUMBER_OBJECT_CONVERSION = YES_AGGRESSIVE;
				CLANG_CXX_LANGUAGE_STANDARD = "gnu++17";
				CLANG_CXX_LIBRARY = "libc++";
				CLANG_ENABLE_MODULES = YES;
				CLANG_ENABLE_OBJC_ARC = YES;
				CLANG_ENABLE_OBJC_WEAK = YES;
				CLANG_WARN_BLOCK_CAPTURE_AUTORELEASING = YES;
				CLANG_WARN_BOOL_CONVERSION = YES;
				CLANG_WARN_COMMA = YES;
				CLANG_WARN_CONSTANT_CONVERSION = YES;
				CLANG_WARN_DEPRECATED_OBJC_IMPLEMENTATIONS = YES;
				CLANG_WARN_DIRECT_OBJC_ISA_USAGE = YES_ERROR;
				CLANG_WARN_DOCUMENTATION_COMMENTS = YES;
				CLANG_WARN_EMPTY_BODY = YES;
				CLANG_WARN_ENUM_CONVERSION = YES;
				CLANG_WARN_INFINITE_RECURSION = YES;
				CLANG_WARN_INT_CONVERSION = YES;
				CLANG_WARN_NON_LITERAL_NULL_CONVERSION = YES;
				CLANG_WARN_OBJC_IMPLICIT_RETAIN_SELF = YES;
				CLANG_WARN_OBJC_LITERAL_CONVERSION = YES;
				CLANG_WARN_OBJC_ROOT_CLASS = YES_ERROR;
				CLANG_WARN_QUOTED_INCLUDE_IN_FRAMEWORK_HEADER = YES;
				CLANG_WARN_RANGE_LOOP_ANALYSIS = YES;
				CLANG_WARN_STRICT_PROTOTYPES = YES;
				CLANG_WARN_SUSPICIOUS_MOVE = YES;
				CLANG_WARN_UNGUARDED_AVAILABILITY = YES_AGGRESSIVE;
				CLANG_WARN_UNREACHABLE_CODE = YES;
				CLANG_WARN__DUPLICATE_METHOD_MATCH = YES;
				COPY_PHASE_STRIP = NO;
				DEBUG_INFORMATION_FORMAT = "dwarf-with-dsym";
				ENABLE_NS_ASSERTIONS = NO;
				ENABLE_STRICT_OBJC_MSGSEND = YES;
				GCC_C_LANGUAGE_STANDARD = gnu11;
				GCC_NO_COMMON_BLOCKS = YES;
				GCC_WARN_64_TO_32_BIT_CONVERSION = YES;
				GCC_WARN_ABOUT_RETURN_TYPE = YES_ERROR;
				GCC_WARN_UNDECLARED_SELECTOR = YES;
				GCC_WARN_UNINITIALIZED_AUTOS = YES_AGGRESSIVE;
				GCC_WARN_UNUSED_FUNCTION = YES;
				GCC_WARN_UNUSED_VARIABLE = YES;
				IPHONEOS_DEPLOYMENT_TARGET = 15.2;
				MTL_ENABLE_DEBUG_INFO = NO;
				MTL_FAST_MATH = YES;
				SDKROOT = iphoneos;
				SWIFT_COMPILATION_MODE = wholemodule;
				SWIFT_OPTIMIZATION_LEVEL = "-O";
				VALIDATE_PRODUCT = YES;
			};
			name = Release;
		};
		C1517952278A7F9700E61753 /* Debug */ = {
			isa = XCBuildConfiguration;
			buildSettings = {
				ASSETCATALOG_COMPILER_APPICON_NAME = AppIcon;
				ASSETCATALOG_COMPILER_GLOBAL_ACCENT_COLOR_NAME = AccentColor;
				CODE_SIGN_STYLE = Automatic;
				CURRENT_PROJECT_VERSION = 1;
				DEVELOPMENT_ASSET_PATHS = "\"Quotes Test/Preview Content\"";
				ENABLE_PREVIEWS = YES;
				GENERATE_INFOPLIST_FILE = YES;
				INFOPLIST_FILE = "Quotes-Test-Info.plist";
				INFOPLIST_KEY_UIApplicationSceneManifest_Generation = YES;
				INFOPLIST_KEY_UIApplicationSupportsIndirectInputEvents = YES;
				INFOPLIST_KEY_UISupportedInterfaceOrientations_iPad = "UIInterfaceOrientationPortrait UIInterfaceOrientationPortraitUpsideDown UIInterfaceOrientationLandscapeLeft UIInterfaceOrientationLandscapeRight";
				INFOPLIST_KEY_UISupportedInterfaceOrientations_iPhone = "UIInterfaceOrientationPortrait UIInterfaceOrientationLandscapeLeft UIInterfaceOrientationLandscapeRight";
				LD_RUNPATH_SEARCH_PATHS = (
					"$(inherited)",
					"@executable_path/Frameworks",
				);
				MARKETING_VERSION = 1.0;
				PRODUCT_BUNDLE_IDENTIFIER = "com.alcubierreholdings.Quotes-Test";
				PRODUCT_NAME = "$(TARGET_NAME)";
				SWIFT_EMIT_LOC_STRINGS = YES;
				SWIFT_VERSION = 5.0;
				TARGETED_DEVICE_FAMILY = "1,2";
			};
			name = Debug;
		};
		C1517953278A7F9700E61753 /* Release */ = {
			isa = XCBuildConfiguration;
			buildSettings = {
				ASSETCATALOG_COMPILER_APPICON_NAME = AppIcon;
				ASSETCATALOG_COMPILER_GLOBAL_ACCENT_COLOR_NAME = AccentColor;
				CODE_SIGN_STYLE = Automatic;
				CURRENT_PROJECT_VERSION = 1;
				DEVELOPMENT_ASSET_PATHS = "\"Quotes Test/Preview Content\"";
				ENABLE_PREVIEWS = YES;
				GENERATE_INFOPLIST_FILE = YES;
				INFOPLIST_FILE = "Quotes-Test-Info.plist";
				INFOPLIST_KEY_UIApplicationSceneManifest_Generation = YES;
				INFOPLIST_KEY_UIApplicationSupportsIndirectInputEvents = YES;
				INFOPLIST_KEY_UISupportedInterfaceOrientations_iPad = "UIInterfaceOrientationPortrait UIInterfaceOrientationPortraitUpsideDown UIInterfaceOrientationLandscapeLeft UIInterfaceOrientationLandscapeRight";
				INFOPLIST_KEY_UISupportedInterfaceOrientations_iPhone = "UIInterfaceOrientationPortrait UIInterfaceOrientationLandscapeLeft UIInterfaceOrientationLandscapeRight";
				LD_RUNPATH_SEARCH_PATHS = (
					"$(inherited)",
					"@executable_path/Frameworks",
				);
				MARKETING_VERSION = 1.0;
				PRODUCT_BUNDLE_IDENTIFIER = "com.alcubierreholdings.Quotes-Test";
				PRODUCT_NAME = "$(TARGET_NAME)";
				SWIFT_EMIT_LOC_STRINGS = YES;
				SWIFT_VERSION = 5.0;
				TARGETED_DEVICE_FAMILY = "1,2";
			};
			name = Release;
		};
/* End XCBuildConfiguration section */

/* Begin XCConfigurationList section */
		C151793E278A7F9500E61753 /* Build configuration list for PBXProject "Quotes Test" */ = {
			isa = XCConfigurationList;
			buildConfigurations = (
				C151794F278A7F9700E61753 /* Debug */,
				C1517950278A7F9700E61753 /* Release */,
			);
			defaultConfigurationIsVisible = 0;
			defaultConfigurationName = Release;
		};
		C1517951278A7F9700E61753 /* Build configuration list for PBXNativeTarget "Quotes Test" */ = {
			isa = XCConfigurationList;
			buildConfigurations = (
				C1517952278A7F9700E61753 /* Debug */,
				C1517953278A7F9700E61753 /* Release */,
			);
			defaultConfigurationIsVisible = 0;
			defaultConfigurationName = Release;
		};
/* End XCConfigurationList section */
	};
	rootObject = C151793B278A7F9500E61753 /* Project object */;
}
